lockfileVersion: 5.3

specifiers:
  prettier: 2.5.1
  turbo: latest

devDependencies:
  prettier: 2.5.1
  turbo: 1.0.20

packages:

  /prettier/2.5.1:
    resolution: {integrity: sha512-vBZcPRUR5MZJwoyi3ZoyQlc1rXeEck8KgeC9AwwOn+exuxLxq5toTRDTSaVrXHxelDMHy9zlicw8u66yxoSUFg==}
    engines: {node: '>=10.13.0'}
    hasBin: true
    dev: true

  /turbo-darwin-64/1.0.20:
    resolution: {integrity: sha512-XhqO7ymo44u8ZgFZ+IvsUv3WfwThF6szLL8Yz0SuASvxsmG1cRazKOnEmg6riE1hI8iAfwGaeoQbYWCUZgXCAA==}
    cpu: [x64]
    os: [darwin]
    hasBin: true
    requiresBuild: true
    dev: true
    optional: true

  /turbo-darwin-arm64/1.0.20:
    resolution: {integrity: sha512-Hk3ECM3IkBXg53L6EQ3ENJiQcAEOIxAx1VB9qjc6jQP34Fz+Q+WQHTUW4oJ37knfenYPd6sYjHRk/RF4Bfmrcg==}
    cpu: [arm64]
    os: [darwin]
    hasBin: true
    requiresBuild: true
    dev: true
    optional: true

  /turbo-freebsd-64/1.0.20:
    resolution: {integrity: sha512-3vfDvMA8Uv0lQgij+cel9+NFVdhgi2lNQskbj2/FCqEfowEanUabGaPMiq1BaZvVp7NsOp9GHGxQmjBpLnTSpA==}
    cpu: [x64]
    os: [freebsd]
    hasBin: true
    requiresBuild: true
    dev: true
    optional: true

  /turbo-freebsd-arm64/1.0.20:
    resolution: {integrity: sha512-gXfHyE9At0cECsOQCdfERPPTWz7Afvf47bHREOMljHaDUcokgx7bONinXkCPZE53NVZb6RURKnjjmVaUPnC/eA==}
    cpu: [arm64]
    os: [freebsd]
    hasBin: true
    requiresBuild: true
    dev: true
    optional: true

  /turbo-linux-32/1.0.20:
    resolution: {integrity: sha512-kitrmg/gOpOfh4jMcBNvMuwU6THAHEA07/s/KzFwUADMxZCu6+DugwfJHmesWqLIvkCWjCHfmVl5zuPsuBz85g==}
    cpu: [ia32]
    os: [linux]
    hasBin: true
    requiresBuild: true
    dev: true
    optional: true

  /turbo-linux-64/1.0.20:
    resolution: {integrity: sha512-3BS5f4RFCTBh+e2HlGnC10KRTX4g8PbKNdecwSy86feamjE1jxxzqAin1o7KxAXI1EoEj628r6y+K/2OQ0g/Xg==}
    cpu: [x64]
    os: [linux]
    hasBin: true
    requiresBuild: true
    dev: true
    optional: true

  /turbo-linux-arm/1.0.20:
    resolution: {integrity: sha512-Nf4c4sEFodDBqir3P5FjE0vnQUr9u8RpBS5X2l/rifbGDU42GLbiIIjEojhBNnozVuAQASdApYr+N+DcLwfCwQ==}
    cpu: [arm]
    os: [linux]
    hasBin: true
    requiresBuild: true
    dev: true
    optional: true

  /turbo-linux-arm64/1.0.20:
    resolution: {integrity: sha512-qT5FmfWsmDZGsPOjDegS0ra+7zPbuDxSHwb/O4fVA7AV1Ta7wzSU4kI1ayrYZOGDDrC1ce2z1G5NAx/DlWnE+g==}
    cpu: [arm64]
    os: [linux]
    hasBin: true
    requiresBuild: true
    dev: true
    optional: true

  /turbo-linux-mips64le/1.0.20:
    resolution: {integrity: sha512-k7/SVAGnEHdFd2q+ugo1B82LT+wCsansGcTh8kvYZui0zgYxA3xt6OjxzYPRMPSLsMpDJSpNKJIxY8IxjpLojw==}
    cpu: [mips64el]
    os: [linux]
    hasBin: true
    requiresBuild: true
    dev: true
    optional: true

  /turbo-linux-ppc64le/1.0.20:
    resolution: {integrity: sha512-+mjMXBCKwqJmcjHkgoElXPbsJT8Bik+bf6pvsT+eWTUDEYcQTV2zcxPlwXq1qJzB+EWvEGDqJ8cT+pZb8s8duQ==}
    cpu: [ppc64]
    os: [linux]
    hasBin: true
    requiresBuild: true
    dev: true
    optional: true

  /turbo-windows-32/1.0.20:
    resolution: {integrity: sha512-QifqYv9FqV8f13SpvUPbj+e4uZ1Ul+VN7QEBHKypCANz+Q8ZNSVyANFsVRkH9qGHkZPDY+mzSWHHZuwBdcsp8g==}
    cpu: [ia32]
    os: [win32]
    hasBin: true
    requiresBuild: true
    dev: true
    optional: true

  /turbo-windows-64/1.0.20:
    resolution: {integrity: sha512-g9X+azabK1gUZcXHXH9zJqm9gYbmQAiPSzVJHFgHK8p1K9aUNDWbgNsAjBlRH0+jyU5ASYq3AaFIf5Usd6iRhA==}
    cpu: [x64]
    os: [win32]
    hasBin: true
    requiresBuild: true
    dev: true
    optional: true

  /turbo/1.0.20:
    resolution: {integrity: sha512-oSH/herQbXYjJVxGo8q4tulTtC6SB2HWFe9ANzBHJF1nlBCn4OsKyqI/FOSJgSaqyUYhNI6ydwi8DgjJZEY4CA==}
    hasBin: true
    requiresBuild: true
    optionalDependencies:
      turbo-darwin-64: 1.0.20
      turbo-darwin-arm64: 1.0.20
      turbo-freebsd-64: 1.0.20
      turbo-freebsd-arm64: 1.0.20
      turbo-linux-32: 1.0.20
      turbo-linux-64: 1.0.20
      turbo-linux-arm: 1.0.20
      turbo-linux-arm64: 1.0.20
      turbo-linux-mips64le: 1.0.20
      turbo-linux-ppc64le: 1.0.20
      turbo-windows-32: 1.0.20
      turbo-windows-64: 1.0.20
    dev: true
